
Microsoft Visual Studio Solution File, Format Version 12.00
# Visual Studio Version 17
VisualStudioVersion = 17.8.34408.163
MinimumVisualStudioVersion = 10.0.40219.1
Project("{9A19103F-16F7-4668-BE54-9A1E7A4F7556}") = "OrderProcessingSystem", "OrderProcessingSystem\OrderProcessingSystem.csproj", "{A85BF874-688F-4F5C-8272-9EE3AA2C50DB}"
EndProject
Project("{9A19103F-16F7-4668-BE54-9A1E7A4F7556}") = "OrderProcessingSystem.Tests", "OrderProcessingSystem.Tests\OrderProcessingSystem.Tests.csproj", "{4B355063-D919-47F2-8FD5-B51C9DA8583C}"
EndProject
Global
	GlobalSection(SolutionConfigurationPlatforms) = preSolution
		Debug|Any CPU = Debug|Any CPU
		Release|Any CPU = Release|Any CPU
	EndGlobalSection
	GlobalSection(ProjectConfigurationPlatforms) = postSolution
		{A85BF874-688F-4F5C-8272-9EE3AA2C50DB}.Debug|Any CPU.ActiveCfg = Debug|Any CPU
		{A85BF874-688F-4F5C-8272-9EE3AA2C50DB}.Debug|Any CPU.Build.0 = Debug|Any CPU
		{A85BF874-688F-4F5C-8272-9EE3AA2C50DB}.Release|Any CPU.ActiveCfg = Release|Any CPU
		{A85BF874-688F-4F5C-8272-9EE3AA2C50DB}.Release|Any CPU.Build.0 = Release|Any CPU
		{4B355063-D919-47F2-8FD5-B51C9DA8583C}.Debug|Any CPU.ActiveCfg = Debug|Any CPU
		{4B355063-D919-47F2-8FD5-B51C9DA8583C}.Debug|Any CPU.Build.0 = Debug|Any CPU
		{4B355063-D919-47F2-8FD5-B51C9DA8583C}.Release|Any CPU.ActiveCfg = Release|Any CPU
		{4B355063-D919-47F2-8FD5-B51C9DA8583C}.Release|Any CPU.Build.0 = Release|Any CPU
	EndGlobalSection
	GlobalSection(SolutionProperties) = preSolution
		HideSolutionNode = FALSE
	EndGlobalSection
	GlobalSection(ExtensibilityGlobals) = postSolution
		SolutionGuid = {A1EE23B0-DB3B-4438-8013-B5EB6CF6893F}
	EndGlobalSection
EndGlobal
